// !$*UTF8*$!
{
	archiveVersion = 1;
	classes = {
	};
	objectVersion = 46;
	objects = {

/* Begin PBXBuildFile section */
		519F0763CBC5C7562EC75ECB /* Pods_Pokedex.framework in Frameworks */ = {isa = PBXBuildFile; fileRef = 8367B63D2858FC0C7C25070B /* Pods_Pokedex.framework */; };
		7CCC00D61D9AA04600F0562E /* AppDelegate.swift in Sources */ = {isa = PBXBuildFile; fileRef = 7CCC00D51D9AA04600F0562E /* AppDelegate.swift */; };
		7CCC00D81D9AA04600F0562E /* ViewController.swift in Sources */ = {isa = PBXBuildFile; fileRef = 7CCC00D71D9AA04600F0562E /* ViewController.swift */; };
		7CCC00DB1D9AA04600F0562E /* Main.storyboard in Resources */ = {isa = PBXBuildFile; fileRef = 7CCC00D91D9AA04600F0562E /* Main.storyboard */; };
		7CCC00DD1D9AA04600F0562E /* Assets.xcassets in Resources */ = {isa = PBXBuildFile; fileRef = 7CCC00DC1D9AA04600F0562E /* Assets.xcassets */; };
		7CCC00E01D9AA04600F0562E /* LaunchScreen.storyboard in Resources */ = {isa = PBXBuildFile; fileRef = 7CCC00DE1D9AA04600F0562E /* LaunchScreen.storyboard */; };
		7CCC00E81D9B8F6F00F0562E /* pokemon.csv in Resources */ = {isa = PBXBuildFile; fileRef = 7CCC00E71D9B8F6F00F0562E /* pokemon.csv */; };
		7CCC01101DA5023600F0562E /* Pokemon.swift in Sources */ = {isa = PBXBuildFile; fileRef = 7CCC010F1DA5023600F0562E /* Pokemon.swift */; };
		7CCC01151DA50B2000F0562E /* PokemonCell.swift in Sources */ = {isa = PBXBuildFile; fileRef = 7CCC01141DA50B2000F0562E /* PokemonCell.swift */; };
		7CCC01171DA51C5A00F0562E /* csv.swift in Sources */ = {isa = PBXBuildFile; fileRef = 7CCC01161DA51C5A00F0562E /* csv.swift */; };
		7CCC011C1DA5203D00F0562E /* Pokemon Solid.ttf in Resources */ = {isa = PBXBuildFile; fileRef = 7CCC011B1DA5203D00F0562E /* Pokemon Solid.ttf */; };
		7CCC011E1DA5273200F0562E /* pokemonMusic.mp3 in Resources */ = {isa = PBXBuildFile; fileRef = 7CCC011D1DA5273200F0562E /* pokemonMusic.mp3 */; };
		7CD8EA6A1DB7554300364B70 /* PokemonDetailVC.swift in Sources */ = {isa = PBXBuildFile; fileRef = 7CD8EA691DB7554300364B70 /* PokemonDetailVC.swift */; };
		7CD8EA6C1DB7863500364B70 /* Type.swift in Sources */ = {isa = PBXBuildFile; fileRef = 7CD8EA6B1DB7863500364B70 /* Type.swift */; };
		7CD8EA6E1DB787AB00364B70 /* Ability.swift in Sources */ = {isa = PBXBuildFile; fileRef = 7CD8EA6D1DB787AB00364B70 /* Ability.swift */; };
		7CD8EA701DB7887300364B70 /* Stat.swift in Sources */ = {isa = PBXBuildFile; fileRef = 7CD8EA6F1DB7887300364B70 /* Stat.swift */; };
		7CD8EA721DB7938300364B70 /* URLConstants.swift in Sources */ = {isa = PBXBuildFile; fileRef = 7CD8EA711DB7938300364B70 /* URLConstants.swift */; };
		7CD8EA741DB795DD00364B70 /* PokemonInfo.swift in Sources */ = {isa = PBXBuildFile; fileRef = 7CD8EA731DB795DD00364B70 /* PokemonInfo.swift */; };
/* End PBXBuildFile section */

/* Begin PBXFileReference section */
		665A5D5EEFCD9B7D2F12102A /* Pods-Pokedex.release.xcconfig */ = {isa = PBXFileReference; includeInIndex = 1; lastKnownFileType = text.xcconfig; name = "Pods-Pokedex.release.xcconfig"; path = "Pods/Target Support Files/Pods-Pokedex/Pods-Pokedex.release.xcconfig"; sourceTree = "<group>"; };
		7CCC00D21D9AA04600F0562E /* Pokedex.app */ = {isa = PBXFileReference; explicitFileType = wrapper.application; includeInIndex = 0; path = Pokedex.app; sourceTree = BUILT_PRODUCTS_DIR; };
		7CCC00D51D9AA04600F0562E /* AppDelegate.swift */ = {isa = PBXFileReference; lastKnownFileType = sourcecode.swift; path = AppDelegate.swift; sourceTree = "<group>"; };
		7CCC00D71D9AA04600F0562E /* ViewController.swift */ = {isa = PBXFileReference; lastKnownFileType = sourcecode.swift; path = ViewController.swift; sourceTree = "<group>"; };
		7CCC00DA1D9AA04600F0562E /* Base */ = {isa = PBXFileReference; lastKnownFileType = file.storyboard; name = Base; path = Base.lproj/Main.storyboard; sourceTree = "<group>"; };
		7CCC00DC1D9AA04600F0562E /* Assets.xcassets */ = {isa = PBXFileReference; lastKnownFileType = folder.assetcatalog; path = Assets.xcassets; sourceTree = "<group>"; };
		7CCC00DF1D9AA04600F0562E /* Base */ = {isa = PBXFileReference; lastKnownFileType = file.storyboard; name = Base; path = Base.lproj/LaunchScreen.storyboard; sourceTree = "<group>"; };
		7CCC00E11D9AA04600F0562E /* Info.plist */ = {isa = PBXFileReference; lastKnownFileType = text.plist.xml; path = Info.plist; sourceTree = "<group>"; };
		7CCC00E71D9B8F6F00F0562E /* pokemon.csv */ = {isa = PBXFileReference; fileEncoding = 4; lastKnownFileType = text; path = pokemon.csv; sourceTree = "<group>"; };
		7CCC010F1DA5023600F0562E /* Pokemon.swift */ = {isa = PBXFileReference; fileEncoding = 4; lastKnownFileType = sourcecode.swift; path = Pokemon.swift; sourceTree = "<group>"; };
		7CCC01141DA50B2000F0562E /* PokemonCell.swift */ = {isa = PBXFileReference; fileEncoding = 4; lastKnownFileType = sourcecode.swift; path = PokemonCell.swift; sourceTree = "<group>"; };
		7CCC01161DA51C5A00F0562E /* csv.swift */ = {isa = PBXFileReference; fileEncoding = 4; lastKnownFileType = sourcecode.swift; path = csv.swift; sourceTree = "<group>"; };
		7CCC011B1DA5203D00F0562E /* Pokemon Solid.ttf */ = {isa = PBXFileReference; lastKnownFileType = file; path = "Pokemon Solid.ttf"; sourceTree = "<group>"; };
		7CCC011D1DA5273200F0562E /* pokemonMusic.mp3 */ = {isa = PBXFileReference; lastKnownFileType = audio.mp3; path = pokemonMusic.mp3; sourceTree = "<group>"; };
		7CD8EA691DB7554300364B70 /* PokemonDetailVC.swift */ = {isa = PBXFileReference; fileEncoding = 4; lastKnownFileType = sourcecode.swift; path = PokemonDetailVC.swift; sourceTree = "<group>"; };
		7CD8EA6B1DB7863500364B70 /* Type.swift */ = {isa = PBXFileReference; fileEncoding = 4; lastKnownFileType = sourcecode.swift; path = Type.swift; sourceTree = "<group>"; };
		7CD8EA6D1DB787AB00364B70 /* Ability.swift */ = {isa = PBXFileReference; fileEncoding = 4; lastKnownFileType = sourcecode.swift; path = Ability.swift; sourceTree = "<group>"; };
		7CD8EA6F1DB7887300364B70 /* Stat.swift */ = {isa = PBXFileReference; fileEncoding = 4; lastKnownFileType = sourcecode.swift; path = Stat.swift; sourceTree = "<group>"; };
		7CD8EA711DB7938300364B70 /* URLConstants.swift */ = {isa = PBXFileReference; fileEncoding = 4; lastKnownFileType = sourcecode.swift; path = URLConstants.swift; sourceTree = "<group>"; };
		7CD8EA731DB795DD00364B70 /* PokemonInfo.swift */ = {isa = PBXFileReference; fileEncoding = 4; lastKnownFileType = sourcecode.swift; path = PokemonInfo.swift; sourceTree = "<group>"; };
		8367B63D2858FC0C7C25070B /* Pods_Pokedex.framework */ = {isa = PBXFileReference; explicitFileType = wrapper.framework; includeInIndex = 0; path = Pods_Pokedex.framework; sourceTree = BUILT_PRODUCTS_DIR; };
		E75DAEF39A45F184B41B0569 /* Pods-Pokedex.debug.xcconfig */ = {isa = PBXFileReference; includeInIndex = 1; lastKnownFileType = text.xcconfig; name = "Pods-Pokedex.debug.xcconfig"; path = "Pods/Target Support Files/Pods-Pokedex/Pods-Pokedex.debug.xcconfig"; sourceTree = "<group>"; };
/* End PBXFileReference section */

/* Begin PBXFrameworksBuildPhase section */
		7CCC00CF1D9AA04600F0562E /* Frameworks */ = {
			isa = PBXFrameworksBuildPhase;
			buildActionMask = 2147483647;
			files = (
				519F0763CBC5C7562EC75ECB /* Pods_Pokedex.framework in Frameworks */,
			);
			runOnlyForDeploymentPostprocessing = 0;
		};
/* End PBXFrameworksBuildPhase section */

/* Begin PBXGroup section */
		36A252E2D087E67992E14DAA /* Pods */ = {
			isa = PBXGroup;
			children = (
				E75DAEF39A45F184B41B0569 /* Pods-Pokedex.debug.xcconfig */,
				665A5D5EEFCD9B7D2F12102A /* Pods-Pokedex.release.xcconfig */,
			);
			name = Pods;
			sourceTree = "<group>";
		};
		60DA9964A0BA4F48BDC88A4B /* Frameworks */ = {
			isa = PBXGroup;
			children = (
				8367B63D2858FC0C7C25070B /* Pods_Pokedex.framework */,
			);
			name = Frameworks;
			sourceTree = "<group>";
		};
		7CCC00C91D9AA04600F0562E = {
			isa = PBXGroup;
			children = (
				7CCC00D41D9AA04600F0562E /* Pokedex */,
				7CCC00D31D9AA04600F0562E /* Products */,
				36A252E2D087E67992E14DAA /* Pods */,
				60DA9964A0BA4F48BDC88A4B /* Frameworks */,
			);
			sourceTree = "<group>";
		};
		7CCC00D31D9AA04600F0562E /* Products */ = {
			isa = PBXGroup;
			children = (
				7CCC00D21D9AA04600F0562E /* Pokedex.app */,
			);
			name = Products;
			sourceTree = "<group>";
		};
		7CCC00D41D9AA04600F0562E /* Pokedex */ = {
			isa = PBXGroup;
			children = (
				7CCC01191DA51FE200F0562E /* Util */,
				7CCC01181DA51FCF00F0562E /* Controller */,
				7CCC01131DA50AF100F0562E /* View */,
				7CCC010E1DA5022500F0562E /* Model */,
				7CCC011A1DA51FF600F0562E /* Resources */,
				7CCC00D91D9AA04600F0562E /* Main.storyboard */,
				7CCC00D51D9AA04600F0562E /* AppDelegate.swift */,
				7CCC00DC1D9AA04600F0562E /* Assets.xcassets */,
				7CCC00DE1D9AA04600F0562E /* LaunchScreen.storyboard */,
				7CCC00E11D9AA04600F0562E /* Info.plist */,
			);
			path = Pokedex;
			sourceTree = "<group>";
		};
		7CCC010E1DA5022500F0562E /* Model */ = {
			isa = PBXGroup;
			children = (
				7CCC010F1DA5023600F0562E /* Pokemon.swift */,
				7CD8EA6B1DB7863500364B70 /* Type.swift */,
				7CD8EA6D1DB787AB00364B70 /* Ability.swift */,
				7CD8EA6F1DB7887300364B70 /* Stat.swift */,
				7CD8EA731DB795DD00364B70 /* PokemonInfo.swift */,
			);
			name = Model;
			sourceTree = "<group>";
		};
		7CCC01131DA50AF100F0562E /* View */ = {
			isa = PBXGroup;
			children = (
				7CCC01141DA50B2000F0562E /* PokemonCell.swift */,
			);
			name = View;
			sourceTree = "<group>";
		};
		7CCC01181DA51FCF00F0562E /* Controller */ = {
			isa = PBXGroup;
			children = (
				7CCC00D71D9AA04600F0562E /* ViewController.swift */,
				7CD8EA691DB7554300364B70 /* PokemonDetailVC.swift */,
			);
			name = Controller;
			sourceTree = "<group>";
		};
		7CCC01191DA51FE200F0562E /* Util */ = {
			isa = PBXGroup;
			children = (
				7CCC01161DA51C5A00F0562E /* csv.swift */,
				7CD8EA711DB7938300364B70 /* URLConstants.swift */,
			);
			name = Util;
			sourceTree = "<group>";
		};
		7CCC011A1DA51FF600F0562E /* Resources */ = {
			isa = PBXGroup;
			children = (
				7CCC011B1DA5203D00F0562E /* Pokemon Solid.ttf */,
				7CCC011D1DA5273200F0562E /* pokemonMusic.mp3 */,
				7CCC00E71D9B8F6F00F0562E /* pokemon.csv */,
			);
			name = Resources;
			sourceTree = "<group>";
		};
/* End PBXGroup section */

/* Begin PBXNativeTarget section */
		7CCC00D11D9AA04600F0562E /* Pokedex */ = {
			isa = PBXNativeTarget;
			buildConfigurationList = 7CCC00E41D9AA04600F0562E /* Build configuration list for PBXNativeTarget "Pokedex" */;
			buildPhases = (
				666412B7FECAE699EFEA8059 /* [CP] Check Pods Manifest.lock */,
				7CCC00CE1D9AA04600F0562E /* Sources */,
				7CCC00CF1D9AA04600F0562E /* Frameworks */,
				7CCC00D01D9AA04600F0562E /* Resources */,
				7F1E553414E5E2970612E6AB /* [CP] Embed Pods Frameworks */,
				136A7B4E4A54FDC7A40EE877 /* [CP] Copy Pods Resources */,
			);
			buildRules = (
			);
			dependencies = (
			);
			name = Pokedex;
			productName = Pokedex;
			productReference = 7CCC00D21D9AA04600F0562E /* Pokedex.app */;
			productType = "com.apple.product-type.application";
		};
/* End PBXNativeTarget section */

/* Begin PBXProject section */
		7CCC00CA1D9AA04600F0562E /* Project object */ = {
			isa = PBXProject;
			attributes = {
				LastSwiftUpdateCheck = 0800;
				LastUpgradeCheck = 0800;
				ORGANIZATIONNAME = "Mikko Hilpinen";
				TargetAttributes = {
					7CCC00D11D9AA04600F0562E = {
						CreatedOnToolsVersion = 8.0;
						LastSwiftMigration = 0800;
						ProvisioningStyle = Automatic;
					};
				};
			};
			buildConfigurationList = 7CCC00CD1D9AA04600F0562E /* Build configuration list for PBXProject "Pokedex" */;
			compatibilityVersion = "Xcode 3.2";
			developmentRegion = English;
			hasScannedForEncodings = 0;
			knownRegions = (
				en,
				Base,
			);
			mainGroup = 7CCC00C91D9AA04600F0562E;
			productRefGroup = 7CCC00D31D9AA04600F0562E /* Products */;
			projectDirPath = "";
			projectRoot = "";
			targets = (
				7CCC00D11D9AA04600F0562E /* Pokedex */,
			);
		};
/* End PBXProject section */

/* Begin PBXResourcesBuildPhase section */
		7CCC00D01D9AA04600F0562E /* Resources */ = {
			isa = PBXResourcesBuildPhase;
			buildActionMask = 2147483647;
			files = (
				7CCC011E1DA5273200F0562E /* pokemonMusic.mp3 in Resources */,
				7CCC011C1DA5203D00F0562E /* Pokemon Solid.ttf in Resources */,
				7CCC00E01D9AA04600F0562E /* LaunchScreen.storyboard in Resources */,
				7CCC00DD1D9AA04600F0562E /* Assets.xcassets in Resources */,
				7CCC00E81D9B8F6F00F0562E /* pokemon.csv in Resources */,
				7CCC00DB1D9AA04600F0562E /* Main.storyboard in Resources */,
			);
			runOnlyForDeploymentPostprocessing = 0;
		};
/* End PBXResourcesBuildPhase section */

/* Begin PBXShellScriptBuildPhase section */
		136A7B4E4A54FDC7A40EE877 /* [CP] Copy Pods Resources */ = {
			isa = PBXShellScriptBuildPhase;
			buildActionMask = 2147483647;
			files = (
			);
			inputPaths = (
			);
			name = "[CP] Copy Pods Resources";
			outputPaths = (
			);
			runOnlyForDeploymentPostprocessing = 0;
			shellPath = /bin/sh;
			shellScript = "\"${SRCROOT}/Pods/Target Support Files/Pods-Pokedex/Pods-Pokedex-resources.sh\"\n";
			showEnvVarsInLog = 0;
		};
		666412B7FECAE699EFEA8059 /* [CP] Check Pods Manifest.lock */ = {
			isa = PBXShellScriptBuildPhase;
			buildActionMask = 2147483647;
			files = (
			);
			inputPaths = (
			);
			name = "[CP] Check Pods Manifest.lock";
			outputPaths = (
			);
			runOnlyForDeploymentPostprocessing = 0;
			shellPath = /bin/sh;
			shellScript = "diff \"${PODS_ROOT}/../Podfile.lock\" \"${PODS_ROOT}/Manifest.lock\" > /dev/null\nif [[ $? != 0 ]] ; then\n    cat << EOM\nerror: The sandbox is not in sync with the Podfile.lock. Run 'pod install' or update your CocoaPods installation.\nEOM\n    exit 1\nfi\n";
			showEnvVarsInLog = 0;
		};
		7F1E553414E5E2970612E6AB /* [CP] Embed Pods Frameworks */ = {
			isa = PBXShellScriptBuildPhase;
			buildActionMask = 2147483647;
			files = (
			);
			inputPaths = (
			);
			name = "[CP] Embed Pods Frameworks";
			outputPaths = (
			);
			runOnlyForDeploymentPostprocessing = 0;
			shellPath = /bin/sh;
			shellScript = "\"${SRCROOT}/Pods/Target Support Files/Pods-Pokedex/Pods-Pokedex-frameworks.sh\"\n";
			showEnvVarsInLog = 0;
		};
/* End PBXShellScriptBuildPhase section */

/* Begin PBXSourcesBuildPhase section */
		7CCC00CE1D9AA04600F0562E /* Sources */ = {
			isa = PBXSourcesBuildPhase;
			buildActionMask = 2147483647;
			files = (
				7CCC00D81D9AA04600F0562E /* ViewController.swift in Sources */,
				7CD8EA721DB7938300364B70 /* URLConstants.swift in Sources */,
				7CD8EA741DB795DD00364B70 /* PokemonInfo.swift in Sources */,
				7CD8EA701DB7887300364B70 /* Stat.swift in Sources */,
				7CCC00D61D9AA04600F0562E /* AppDelegate.swift in Sources */,
				7CCC01151DA50B2000F0562E /* PokemonCell.swift in Sources */,
				7CD8EA6A1DB7554300364B70 /* PokemonDetailVC.swift in Sources */,
				7CD8EA6C1DB7863500364B70 /* Type.swift in Sources */,
				7CCC01101DA5023600F0562E /* Pokemon.swift in Sources */,
				7CD8EA6E1DB787AB00364B70 /* Ability.swift in Sources */,
				7CCC01171DA51C5A00F0562E /* csv.swift in Sources */,
			);
			runOnlyForDeploymentPostprocessing = 0;
		};
/* End PBXSourcesBuildPhase section */

/* Begin PBXVariantGroup section */
		7CCC00D91D9AA04600F0562E /* Main.storyboard */ = {
			isa = PBXVariantGroup;
			children = (
				7CCC00DA1D9AA04600F0562E /* Base */,
			);
			name = Main.storyboard;
			sourceTree = "<group>";
		};
		7CCC00DE1D9AA04600F0562E /* LaunchScreen.storyboard */ = {
			isa = PBXVariantGroup;
			children = (
				7CCC00DF1D9AA04600F0562E /* Base */,
			);
			name = LaunchScreen.storyboard;
			sourceTree = "<group>";
		};
/* End PBXVariantGroup section */

/* Begin XCBuildConfiguration section */
		7CCC00E21D9AA04600F0562E /* Debug */ = {
			isa = XCBuildConfiguration;
			buildSettings = {
				ALWAYS_SEARCH_USER_PATHS = NO;
				CLANG_ANALYZER_NONNULL = YES;
				CLANG_CXX_LANGUAGE_STANDARD = "gnu++0x";
				CLANG_CXX_LIBRARY = "libc++";
				CLANG_ENABLE_MODULES = YES;
				CLANG_ENABLE_OBJC_ARC = YES;
				CLANG_WARN_BOOL_CONVERSION = YES;
				CLANG_WARN_CONSTANT_CONVERSION = YES;
				CLANG_WARN_DIRECT_OBJC_ISA_USAGE = YES_ERROR;
				CLANG_WARN_DOCUMENTATION_COMMENTS = YES;
				CLANG_WARN_EMPTY_BODY = YES;
				CLANG_WARN_ENUM_CONVERSION = YES;
				CLANG_WARN_INFINITE_RECURSION = YES;
				CLANG_WARN_INT_CONVERSION = YES;
				CLANG_WARN_OBJC_ROOT_CLASS = YES_ERROR;
				CLANG_WARN_SUSPICIOUS_MOVES = YES;
				CLANG_WARN_UNREACHABLE_CODE = YES;
				CLANG_WARN__DUPLICATE_METHOD_MATCH = YES;
				"CODE_SIGN_IDENTITY[sdk=iphoneos*]" = "iPhone Developer";
				COPY_PHASE_STRIP = NO;
				DEBUG_INFORMATION_FORMAT = dwarf;
				ENABLE_STRICT_OBJC_MSGSEND = YES;
				ENABLE_TESTABILITY = YES;
				GCC_C_LANGUAGE_STANDARD = gnu99;
				GCC_DYNAMIC_NO_PIC = NO;
				GCC_NO_COMMON_BLOCKS = YES;
				GCC_OPTIMIZATION_LEVEL = 0;
				GCC_PREPROCESSOR_DEFINITIONS = (
					"DEBUG=1",
					"$(inherited)",
				);
				GCC_WARN_64_TO_32_BIT_CONVERSION = YES;
				GCC_WARN_ABOUT_RETURN_TYPE = YES_ERROR;
				GCC_WARN_UNDECLARED_SELECTOR = YES;
				GCC_WARN_UNINITIALIZED_AUTOS = YES_AGGRESSIVE;
				GCC_WARN_UNUSED_FUNCTION = YES;
				GCC_WARN_UNUSED_VARIABLE = YES;
				IPHONEOS_DEPLOYMENT_TARGET = 10.0;
				MTL_ENABLE_DEBUG_INFO = YES;
				ONLY_ACTIVE_ARCH = YES;
				SDKROOT = iphoneos;
				SWIFT_ACTIVE_COMPILATION_CONDITIONS = DEBUG;
				SWIFT_OPTIMIZATION_LEVEL = "-Onone";
				TARGETED_DEVICE_FAMILY = "1,2";
			};
			name = Debug;
		};
		7CCC00E31D9AA04600F0562E /* Release */ = {
			isa = XCBuildConfiguration;
			buildSettings = {
				ALWAYS_SEARCH_USER_PATHS = NO;
				CLANG_ANALYZER_NONNULL = YES;
				CLANG_CXX_LANGUAGE_STANDARD = "gnu++0x";
				CLANG_CXX_LIBRARY = "libc++";
				CLANG_ENABLE_MODULES = YES;
				CLANG_ENABLE_OBJC_ARC = YES;
				CLANG_WARN_BOOL_CONVERSION = YES;
				CLANG_WARN_CONSTANT_CONVERSION = YES;
				CLANG_WARN_DIRECT_OBJC_ISA_USAGE = YES_ERROR;
				CLANG_WARN_DOCUMENTATION_COMMENTS = YES;
				CLANG_WARN_EMPTY_BODY = YES;
				CLANG_WARN_ENUM_CONVERSION = YES;
				CLANG_WARN_INFINITE_RECURSION = YES;
				CLANG_WARN_INT_CONVERSION = YES;
				CLANG_WARN_OBJC_ROOT_CLASS = YES_ERROR;
				CLANG_WARN_SUSPICIOUS_MOVES = YES;
				CLANG_WARN_UNREACHABLE_CODE = YES;
				CLANG_WARN__DUPLICATE_METHOD_MATCH = YES;
				"CODE_SIGN_IDENTITY[sdk=iphoneos*]" = "iPhone Developer";
				COPY_PHASE_STRIP = NO;
				DEBUG_INFORMATION_FORMAT = "dwarf-with-dsym";
				ENABLE_NS_ASSERTIONS = NO;
				ENABLE_STRICT_OBJC_MSGSEND = YES;
				GCC_C_LANGUAGE_STANDARD = gnu99;
				GCC_NO_COMMON_BLOCKS = YES;
				GCC_WARN_64_TO_32_BIT_CONVERSION = YES;
				GCC_WARN_ABOUT_RETURN_TYPE = YES_ERROR;
				GCC_WARN_UNDECLARED_SELECTOR = YES;
				GCC_WARN_UNINITIALIZED_AUTOS = YES_AGGRESSIVE;
				GCC_WARN_UNUSED_FUNCTION = YES;
				GCC_WARN_UNUSED_VARIABLE = YES;
				IPHONEOS_DEPLOYMENT_TARGET = 10.0;
				MTL_ENABLE_DEBUG_INFO = NO;
				SDKROOT = iphoneos;
				SWIFT_OPTIMIZATION_LEVEL = "-Owholemodule";
				TARGETED_DEVICE_FAMILY = "1,2";
				VALIDATE_PRODUCT = YES;
			};
			name = Release;
		};
		7CCC00E51D9AA04600F0562E /* Debug */ = {
			isa = XCBuildConfiguration;
			baseConfigurationReference = E75DAEF39A45F184B41B0569 /* Pods-Pokedex.debug.xcconfig */;
			buildSettings = {
				ASSETCATALOG_COMPILER_APPICON_NAME = AppIcon;
				INFOPLIST_FILE = Pokedex/Info.plist;
				LD_RUNPATH_SEARCH_PATHS = "$(inherited) @executable_path/Frameworks";
				PRODUCT_BUNDLE_IDENTIFIER = aaconsulting.fi.Pokedex;
				PRODUCT_NAME = "$(TARGET_NAME)";
				SWIFT_VERSION = 3.0;
			};
			name = Debug;
		};
		7CCC00E61D9AA04600F0562E /* Release */ = {
			isa = XCBuildConfiguration;
			baseConfigurationReference = 665A5D5EEFCD9B7D2F12102A /* Pods-Pokedex.release.xcconfig */;
			buildSettings = {
				ASSETCATALOG_COMPILER_APPICON_NAME = AppIcon;
				INFOPLIST_FILE = Pokedex/Info.plist;
				LD_RUNPATH_SEARCH_PATHS = "$(inherited) @executable_path/Frameworks";
				PRODUCT_BUNDLE_IDENTIFIER = aaconsulting.fi.Pokedex;
				PRODUCT_NAME = "$(TARGET_NAME)";
				SWIFT_VERSION = 3.0;
			};
			name = Release;
		};
/* End XCBuildConfiguration section */

/* Begin XCConfigurationList section */
		7CCC00CD1D9AA04600F0562E /* Build configuration list for PBXProject "Pokedex" */ = {
			isa = XCConfigurationList;
			buildConfigurations = (
				7CCC00E21D9AA04600F0562E /* Debug */,
				7CCC00E31D9AA04600F0562E /* Release */,
			);
			defaultConfigurationIsVisible = 0;
			defaultConfigurationName = Release;
		};
		7CCC00E41D9AA04600F0562E /* Build configuration list for PBXNativeTarget "Pokedex" */ = {
			isa = XCConfigurationList;
			buildConfigurations = (
				7CCC00E51D9AA04600F0562E /* Debug */,
				7CCC00E61D9AA04600F0562E /* Release */,
			);
			defaultConfigurationIsVisible = 0;
			defaultConfigurationName = Release;
		};
/* End XCConfigurationList section */
	};
	rootObject = 7CCC00CA1D9AA04600F0562E /* Project object */;
}
